// !$*UTF8*$!
{
	archiveVersion = 1;
	classes = {
	};
	objectVersion = 46;
	objects = {

/* Begin PBXBuildFile section */
		74A9B6D71D1175F800C99E8A /* AppDelegate.swift in Sources */ = {isa = PBXBuildFile; fileRef = 74A9B6D61D1175F800C99E8A /* AppDelegate.swift */; };
		74A9B6D91D1175F800C99E8A /* ViewController.swift in Sources */ = {isa = PBXBuildFile; fileRef = 74A9B6D81D1175F800C99E8A /* ViewController.swift */; };
		74A9B6DC1D1175F800C99E8A /* Main.storyboard in Resources */ = {isa = PBXBuildFile; fileRef = 74A9B6DA1D1175F800C99E8A /* Main.storyboard */; };
		74A9B6DE1D1175F800C99E8A /* Assets.xcassets in Resources */ = {isa = PBXBuildFile; fileRef = 74A9B6DD1D1175F800C99E8A /* Assets.xcassets */; };
		74A9B6E11D1175F800C99E8A /* LaunchScreen.storyboard in Resources */ = {isa = PBXBuildFile; fileRef = 74A9B6DF1D1175F800C99E8A /* LaunchScreen.storyboard */; };
		74A9B6EC1D1175F800C99E8A /* UIAnimationTutorialTests.swift in Sources */ = {isa = PBXBuildFile; fileRef = 74A9B6EB1D1175F800C99E8A /* UIAnimationTutorialTests.swift */; };
		74A9B6F71D1175F800C99E8A /* UIAnimationTutorialUITests.swift in Sources */ = {isa = PBXBuildFile; fileRef = 74A9B6F61D1175F800C99E8A /* UIAnimationTutorialUITests.swift */; };
		74A9B7051D11F4DB00C99E8A /* CustomTimingCurveProvider.swift in Sources */ = {isa = PBXBuildFile; fileRef = 74A9B7041D11F4DB00C99E8A /* CustomTimingCurveProvider.swift */; };
/* End PBXBuildFile section */

/* Begin PBXContainerItemProxy section */
		74A9B6E81D1175F800C99E8A /* PBXContainerItemProxy */ = {
			isa = PBXContainerItemProxy;
			containerPortal = 74A9B6CB1D1175F800C99E8A /* Project object */;
			proxyType = 1;
			remoteGlobalIDString = 74A9B6D21D1175F800C99E8A;
			remoteInfo = UIAnimationTutorial;
		};
		74A9B6F31D1175F800C99E8A /* PBXContainerItemProxy */ = {
			isa = PBXContainerItemProxy;
			containerPortal = 74A9B6CB1D1175F800C99E8A /* Project object */;
			proxyType = 1;
			remoteGlobalIDString = 74A9B6D21D1175F800C99E8A;
			remoteInfo = UIAnimationTutorial;
		};
/* End PBXContainerItemProxy section */

/* Begin PBXFileReference section */
		74A9B6D31D1175F800C99E8A /* UIAnimationTutorial.app */ = {isa = PBXFileReference; explicitFileType = wrapper.application; includeInIndex = 0; path = UIAnimationTutorial.app; sourceTree = BUILT_PRODUCTS_DIR; };
		74A9B6D61D1175F800C99E8A /* AppDelegate.swift */ = {isa = PBXFileReference; lastKnownFileType = sourcecode.swift; path = AppDelegate.swift; sourceTree = "<group>"; };
		74A9B6D81D1175F800C99E8A /* ViewController.swift */ = {isa = PBXFileReference; lastKnownFileType = sourcecode.swift; path = ViewController.swift; sourceTree = "<group>"; };
		74A9B6DB1D1175F800C99E8A /* Base */ = {isa = PBXFileReference; lastKnownFileType = file.storyboard; name = Base; path = Base.lproj/Main.storyboard; sourceTree = "<group>"; };
		74A9B6DD1D1175F800C99E8A /* Assets.xcassets */ = {isa = PBXFileReference; lastKnownFileType = folder.assetcatalog; path = Assets.xcassets; sourceTree = "<group>"; };
		74A9B6E01D1175F800C99E8A /* Base */ = {isa = PBXFileReference; lastKnownFileType = file.storyboard; name = Base; path = Base.lproj/LaunchScreen.storyboard; sourceTree = "<group>"; };
		74A9B6E21D1175F800C99E8A /* Info.plist */ = {isa = PBXFileReference; lastKnownFileType = text.plist.xml; path = Info.plist; sourceTree = "<group>"; };
		74A9B6E71D1175F800C99E8A /* UIAnimationTutorialTests.xctest */ = {isa = PBXFileReference; explicitFileType = wrapper.cfbundle; includeInIndex = 0; path = UIAnimationTutorialTests.xctest; sourceTree = BUILT_PRODUCTS_DIR; };
		74A9B6EB1D1175F800C99E8A /* UIAnimationTutorialTests.swift */ = {isa = PBXFileReference; lastKnownFileType = sourcecode.swift; path = UIAnimationTutorialTests.swift; sourceTree = "<group>"; };
		74A9B6ED1D1175F800C99E8A /* Info.plist */ = {isa = PBXFileReference; lastKnownFileType = text.plist.xml; path = Info.plist; sourceTree = "<group>"; };
		74A9B6F21D1175F800C99E8A /* UIAnimationTutorialUITests.xctest */ = {isa = PBXFileReference; explicitFileType = wrapper.cfbundle; includeInIndex = 0; path = UIAnimationTutorialUITests.xctest; sourceTree = BUILT_PRODUCTS_DIR; };
		74A9B6F61D1175F800C99E8A /* UIAnimationTutorialUITests.swift */ = {isa = PBXFileReference; lastKnownFileType = sourcecode.swift; path = UIAnimationTutorialUITests.swift; sourceTree = "<group>"; };
		74A9B6F81D1175F800C99E8A /* Info.plist */ = {isa = PBXFileReference; lastKnownFileType = text.plist.xml; path = Info.plist; sourceTree = "<group>"; };
		74A9B7041D11F4DB00C99E8A /* CustomTimingCurveProvider.swift */ = {isa = PBXFileReference; fileEncoding = 4; lastKnownFileType = sourcecode.swift; path = CustomTimingCurveProvider.swift; sourceTree = "<group>"; };
/* End PBXFileReference section */

/* Begin PBXFrameworksBuildPhase section */
		74A9B6D01D1175F800C99E8A /* Frameworks */ = {
			isa = PBXFrameworksBuildPhase;
			buildActionMask = 2147483647;
			files = (
			);
			runOnlyForDeploymentPostprocessing = 0;
		};
		74A9B6E41D1175F800C99E8A /* Frameworks */ = {
			isa = PBXFrameworksBuildPhase;
			buildActionMask = 2147483647;
			files = (
			);
			runOnlyForDeploymentPostprocessing = 0;
		};
		74A9B6EF1D1175F800C99E8A /* Frameworks */ = {
			isa = PBXFrameworksBuildPhase;
			buildActionMask = 2147483647;
			files = (
			);
			runOnlyForDeploymentPostprocessing = 0;
		};
/* End PBXFrameworksBuildPhase section */

/* Begin PBXGroup section */
		74A9B6CA1D1175F800C99E8A = {
			isa = PBXGroup;
			children = (
				74A9B6D51D1175F800C99E8A /* UIAnimationTutorial */,
				74A9B6EA1D1175F800C99E8A /* UIAnimationTutorialTests */,
				74A9B6F51D1175F800C99E8A /* UIAnimationTutorialUITests */,
				74A9B6D41D1175F800C99E8A /* Products */,
			);
			sourceTree = "<group>";
		};
		74A9B6D41D1175F800C99E8A /* Products */ = {
			isa = PBXGroup;
			children = (
				74A9B6D31D1175F800C99E8A /* UIAnimationTutorial.app */,
				74A9B6E71D1175F800C99E8A /* UIAnimationTutorialTests.xctest */,
				74A9B6F21D1175F800C99E8A /* UIAnimationTutorialUITests.xctest */,
			);
			name = Products;
			sourceTree = "<group>";
		};
		74A9B6D51D1175F800C99E8A /* UIAnimationTutorial */ = {
			isa = PBXGroup;
			children = (
				74A9B6D61D1175F800C99E8A /* AppDelegate.swift */,
				74A9B6D81D1175F800C99E8A /* ViewController.swift */,
				74A9B7041D11F4DB00C99E8A /* CustomTimingCurveProvider.swift */,
				74A9B6DA1D1175F800C99E8A /* Main.storyboard */,
				74A9B6DD1D1175F800C99E8A /* Assets.xcassets */,
				74A9B6DF1D1175F800C99E8A /* LaunchScreen.storyboard */,
				74A9B6E21D1175F800C99E8A /* Info.plist */,
			);
			path = UIAnimationTutorial;
			sourceTree = "<group>";
		};
		74A9B6EA1D1175F800C99E8A /* UIAnimationTutorialTests */ = {
			isa = PBXGroup;
			children = (
				74A9B6EB1D1175F800C99E8A /* UIAnimationTutorialTests.swift */,
				74A9B6ED1D1175F800C99E8A /* Info.plist */,
			);
			path = UIAnimationTutorialTests;
			sourceTree = "<group>";
		};
		74A9B6F51D1175F800C99E8A /* UIAnimationTutorialUITests */ = {
			isa = PBXGroup;
			children = (
				74A9B6F61D1175F800C99E8A /* UIAnimationTutorialUITests.swift */,
				74A9B6F81D1175F800C99E8A /* Info.plist */,
			);
			path = UIAnimationTutorialUITests;
			sourceTree = "<group>";
		};
/* End PBXGroup section */

/* Begin PBXNativeTarget section */
		74A9B6D21D1175F800C99E8A /* UIAnimationTutorial */ = {
			isa = PBXNativeTarget;
			buildConfigurationList = 74A9B6FB1D1175F800C99E8A /* Build configuration list for PBXNativeTarget "UIAnimationTutorial" */;
			buildPhases = (
				74A9B6CF1D1175F800C99E8A /* Sources */,
				74A9B6D01D1175F800C99E8A /* Frameworks */,
				74A9B6D11D1175F800C99E8A /* Resources */,
			);
			buildRules = (
			);
			dependencies = (
			);
			name = UIAnimationTutorial;
			productName = UIAnimationTutorial;
			productReference = 74A9B6D31D1175F800C99E8A /* UIAnimationTutorial.app */;
			productType = "com.apple.product-type.application";
		};
		74A9B6E61D1175F800C99E8A /* UIAnimationTutorialTests */ = {
			isa = PBXNativeTarget;
			buildConfigurationList = 74A9B6FE1D1175F800C99E8A /* Build configuration list for PBXNativeTarget "UIAnimationTutorialTests" */;
			buildPhases = (
				74A9B6E31D1175F800C99E8A /* Sources */,
				74A9B6E41D1175F800C99E8A /* Frameworks */,
				74A9B6E51D1175F800C99E8A /* Resources */,
			);
			buildRules = (
			);
			dependencies = (
				74A9B6E91D1175F800C99E8A /* PBXTargetDependency */,
			);
			name = UIAnimationTutorialTests;
			productName = UIAnimationTutorialTests;
			productReference = 74A9B6E71D1175F800C99E8A /* UIAnimationTutorialTests.xctest */;
			productType = "com.apple.product-type.bundle.unit-test";
		};
		74A9B6F11D1175F800C99E8A /* UIAnimationTutorialUITests */ = {
			isa = PBXNativeTarget;
			buildConfigurationList = 74A9B7011D1175F800C99E8A /* Build configuration list for PBXNativeTarget "UIAnimationTutorialUITests" */;
			buildPhases = (
				74A9B6EE1D1175F800C99E8A /* Sources */,
				74A9B6EF1D1175F800C99E8A /* Frameworks */,
				74A9B6F01D1175F800C99E8A /* Resources */,
			);
			buildRules = (
			);
			dependencies = (
				74A9B6F41D1175F800C99E8A /* PBXTargetDependency */,
			);
			name = UIAnimationTutorialUITests;
			productName = UIAnimationTutorialUITests;
			productReference = 74A9B6F21D1175F800C99E8A /* UIAnimationTutorialUITests.xctest */;
			productType = "com.apple.product-type.bundle.ui-testing";
		};
/* End PBXNativeTarget section */

/* Begin PBXProject section */
		74A9B6CB1D1175F800C99E8A /* Project object */ = {
			isa = PBXProject;
			attributes = {
				LastSwiftUpdateCheck = 0800;
				LastUpgradeCheck = 0800;
				ORGANIZATIONNAME = Lumarow;
				TargetAttributes = {
					74A9B6D21D1175F800C99E8A = {
						CreatedOnToolsVersion = 8.0;
						DevelopmentTeam = SWWFFZ7MHF;
						DevelopmentTeamName = "Jason Newell (Personal Team)";
						ProvisioningStyle = Automatic;
					};
					74A9B6E61D1175F800C99E8A = {
						CreatedOnToolsVersion = 8.0;
						DevelopmentTeam = SWWFFZ7MHF;
						DevelopmentTeamName = "Jason Newell (Personal Team)";
						ProvisioningStyle = Automatic;
						TestTargetID = 74A9B6D21D1175F800C99E8A;
					};
					74A9B6F11D1175F800C99E8A = {
						CreatedOnToolsVersion = 8.0;
						DevelopmentTeam = SWWFFZ7MHF;
						DevelopmentTeamName = "Jason Newell (Personal Team)";
						ProvisioningStyle = Automatic;
						TestTargetID = 74A9B6D21D1175F800C99E8A;
					};
				};
			};
			buildConfigurationList = 74A9B6CE1D1175F800C99E8A /* Build configuration list for PBXProject "UIAnimationTutorial" */;
			compatibilityVersion = "Xcode 3.2";
			developmentRegion = English;
			hasScannedForEncodings = 0;
			knownRegions = (
				en,
				Base,
			);
			mainGroup = 74A9B6CA1D1175F800C99E8A;
			productRefGroup = 74A9B6D41D1175F800C99E8A /* Products */;
			projectDirPath = "";
			projectRoot = "";
			targets = (
				74A9B6D21D1175F800C99E8A /* UIAnimationTutorial */,
				74A9B6E61D1175F800C99E8A /* UIAnimationTutorialTests */,
				74A9B6F11D1175F800C99E8A /* UIAnimationTutorialUITests */,
			);
		};
/* End PBXProject section */

/* Begin PBXResourcesBuildPhase section */
		74A9B6D11D1175F800C99E8A /* Resources */ = {
			isa = PBXResourcesBuildPhase;
			buildActionMask = 2147483647;
			files = (
				74A9B6E11D1175F800C99E8A /* LaunchScreen.storyboard in Resources */,
				74A9B6DE1D1175F800C99E8A /* Assets.xcassets in Resources */,
				74A9B6DC1D1175F800C99E8A /* Main.storyboard in Resources */,
			);
			runOnlyForDeploymentPostprocessing = 0;
		};
		74A9B6E51D1175F800C99E8A /* Resources */ = {
			isa = PBXResourcesBuildPhase;
			buildActionMask = 2147483647;
			files = (
			);
			runOnlyForDeploymentPostprocessing = 0;
		};
		74A9B6F01D1175F800C99E8A /* Resources */ = {
			isa = PBXResourcesBuildPhase;
			buildActionMask = 2147483647;
			files = (
			);
			runOnlyForDeploymentPostprocessing = 0;
		};
/* End PBXResourcesBuildPhase section */

/* Begin PBXSourcesBuildPhase section */
		74A9B6CF1D1175F800C99E8A /* Sources */ = {
			isa = PBXSourcesBuildPhase;
			buildActionMask = 2147483647;
			files = (
				74A9B7051D11F4DB00C99E8A /* CustomTimingCurveProvider.swift in Sources */,
				74A9B6D91D1175F800C99E8A /* ViewController.swift in Sources */,
				74A9B6D71D1175F800C99E8A /* AppDelegate.swift in Sources */,
			);
			runOnlyForDeploymentPostprocessing = 0;
		};
		74A9B6E31D1175F800C99E8A /* Sources */ = {
			isa = PBXSourcesBuildPhase;
			buildActionMask = 2147483647;
			files = (
				74A9B6EC1D1175F800C99E8A /* UIAnimationTutorialTests.swift in Sources */,
			);
			runOnlyForDeploymentPostprocessing = 0;
		};
		74A9B6EE1D1175F800C99E8A /* Sources */ = {
			isa = PBXSourcesBuildPhase;
			buildActionMask = 2147483647;
			files = (
				74A9B6F71D1175F800C99E8A /* UIAnimationTutorialUITests.swift in Sources */,
			);
			runOnlyForDeploymentPostprocessing = 0;
		};
/* End PBXSourcesBuildPhase section */

/* Begin PBXTargetDependency section */
		74A9B6E91D1175F800C99E8A /* PBXTargetDependency */ = {
			isa = PBXTargetDependency;
			target = 74A9B6D21D1175F800C99E8A /* UIAnimationTutorial */;
			targetProxy = 74A9B6E81D1175F800C99E8A /* PBXContainerItemProxy */;
		};
		74A9B6F41D1175F800C99E8A /* PBXTargetDependency */ = {
			isa = PBXTargetDependency;
			target = 74A9B6D21D1175F800C99E8A /* UIAnimationTutorial */;
			targetProxy = 74A9B6F31D1175F800C99E8A /* PBXContainerItemProxy */;
		};
/* End PBXTargetDependency section */

/* Begin PBXVariantGroup section */
		74A9B6DA1D1175F800C99E8A /* Main.storyboard */ = {
			isa = PBXVariantGroup;
			children = (
				74A9B6DB1D1175F800C99E8A /* Base */,
			);
			name = Main.storyboard;
			sourceTree = "<group>";
		};
		74A9B6DF1D1175F800C99E8A /* LaunchScreen.storyboard */ = {
			isa = PBXVariantGroup;
			children = (
				74A9B6E01D1175F800C99E8A /* Base */,
			);
			name = LaunchScreen.storyboard;
			sourceTree = "<group>";
		};
/* End PBXVariantGroup section */

/* Begin XCBuildConfiguration section */
		74A9B6F91D1175F800C99E8A /* Debug */ = {
			isa = XCBuildConfiguration;
			buildSettings = {
				ALWAYS_SEARCH_USER_PATHS = NO;
				CLANG_ANALYZER_NONNULL = YES;
				CLANG_CXX_LANGUAGE_STANDARD = "gnu++0x";
				CLANG_CXX_LIBRARY = "libc++";
				CLANG_ENABLE_MODULES = YES;
				CLANG_ENABLE_OBJC_ARC = YES;
				CLANG_WARN_BOOL_CONVERSION = YES;
				CLANG_WARN_CONSTANT_CONVERSION = YES;
				CLANG_WARN_DIRECT_OBJC_ISA_USAGE = YES_ERROR;
				CLANG_WARN_DOCUMENTATION_COMMENTS = YES;
				CLANG_WARN_EMPTY_BODY = YES;
				CLANG_WARN_ENUM_CONVERSION = YES;
				CLANG_WARN_INT_CONVERSION = YES;
				CLANG_WARN_OBJC_ROOT_CLASS = YES_ERROR;
				CLANG_WARN_UNREACHABLE_CODE = YES;
				CLANG_WARN__DUPLICATE_METHOD_MATCH = YES;
				"CODE_SIGN_IDENTITY[sdk=iphoneos*]" = "iPhone Developer";
				COPY_PHASE_STRIP = NO;
				DEBUG_INFORMATION_FORMAT = dwarf;
				ENABLE_STRICT_OBJC_MSGSEND = YES;
				ENABLE_TESTABILITY = YES;
				GCC_C_LANGUAGE_STANDARD = gnu99;
				GCC_DYNAMIC_NO_PIC = NO;
				GCC_NO_COMMON_BLOCKS = YES;
				GCC_OPTIMIZATION_LEVEL = 0;
				GCC_PREPROCESSOR_DEFINITIONS = (
					"DEBUG=1",
					"$(inherited)",
				);
				GCC_WARN_64_TO_32_BIT_CONVERSION = YES;
				GCC_WARN_ABOUT_RETURN_TYPE = YES_ERROR;
				GCC_WARN_UNDECLARED_SELECTOR = YES;
				GCC_WARN_UNINITIALIZED_AUTOS = YES_AGGRESSIVE;
				GCC_WARN_UNUSED_FUNCTION = YES;
				GCC_WARN_UNUSED_VARIABLE = YES;
				IPHONEOS_DEPLOYMENT_TARGET = 10.0;
				MTL_ENABLE_DEBUG_INFO = YES;
				ONLY_ACTIVE_ARCH = YES;
				SDKROOT = iphoneos;
				SWIFT_ACTIVE_COMPILATION_CONDITIONS = DEBUG;
				SWIFT_OPTIMIZATION_LEVEL = "-Onone";
				TARGETED_DEVICE_FAMILY = "1,2";
			};
			name = Debug;
		};
		74A9B6FA1D1175F800C99E8A /* Release */ = {
			isa = XCBuildConfiguration;
			buildSettings = {
				ALWAYS_SEARCH_USER_PATHS = NO;
				CLANG_ANALYZER_NONNULL = YES;
				CLANG_CXX_LANGUAGE_STANDARD = "gnu++0x";
				CLANG_CXX_LIBRARY = "libc++";
				CLANG_ENABLE_MODULES = YES;
				CLANG_ENABLE_OBJC_ARC = YES;
				CLANG_WARN_BOOL_CONVERSION = YES;
				CLANG_WARN_CONSTANT_CONVERSION = YES;
				CLANG_WARN_DIRECT_OBJC_ISA_USAGE = YES_ERROR;
				CLANG_WARN_DOCUMENTATION_COMMENTS = YES;
				CLANG_WARN_EMPTY_BODY = YES;
				CLANG_WARN_ENUM_CONVERSION = YES;
				CLANG_WARN_INT_CONVERSION = YES;
				CLANG_WARN_OBJC_ROOT_CLASS = YES_ERROR;
				CLANG_WARN_UNREACHABLE_CODE = YES;
				CLANG_WARN__DUPLICATE_METHOD_MATCH = YES;
				"CODE_SIGN_IDENTITY[sdk=iphoneos*]" = "iPhone Developer";
				COPY_PHASE_STRIP = NO;
				DEBUG_INFORMATION_FORMAT = "dwarf-with-dsym";
				ENABLE_NS_ASSERTIONS = NO;
				ENABLE_STRICT_OBJC_MSGSEND = YES;
				GCC_C_LANGUAGE_STANDARD = gnu99;
				GCC_NO_COMMON_BLOCKS = YES;
				GCC_WARN_64_TO_32_BIT_CONVERSION = YES;
				GCC_WARN_ABOUT_RETURN_TYPE = YES_ERROR;
				GCC_WARN_UNDECLARED_SELECTOR = YES;
				GCC_WARN_UNINITIALIZED_AUTOS = YES_AGGRESSIVE;
				GCC_WARN_UNUSED_FUNCTION = YES;
				GCC_WARN_UNUSED_VARIABLE = YES;
				IPHONEOS_DEPLOYMENT_TARGET = 10.0;
				MTL_ENABLE_DEBUG_INFO = NO;
				SDKROOT = iphoneos;
				SWIFT_OPTIMIZATION_LEVEL = "-Owholemodule";
				TARGETED_DEVICE_FAMILY = "1,2";
				VALIDATE_PRODUCT = YES;
			};
			name = Release;
		};
		74A9B6FC1D1175F800C99E8A /* Debug */ = {
			isa = XCBuildConfiguration;
			buildSettings = {
				ASSETCATALOG_COMPILER_APPICON_NAME = AppIcon;
				INFOPLIST_FILE = UIAnimationTutorial/Info.plist;
				LD_RUNPATH_SEARCH_PATHS = "$(inherited) @executable_path/Frameworks";
				PRODUCT_BUNDLE_IDENTIFIER = com.lumarow.UIAnimationTutorial;
				PRODUCT_NAME = "$(TARGET_NAME)";
				SWIFT_VERSION = 3.0;
			};
			name = Debug;
		};
		74A9B6FD1D1175F800C99E8A /* Release */ = {
			isa = XCBuildConfiguration;
			buildSettings = {
				ASSETCATALOG_COMPILER_APPICON_NAME = AppIcon;
				INFOPLIST_FILE = UIAnimationTutorial/Info.plist;
				LD_RUNPATH_SEARCH_PATHS = "$(inherited) @executable_path/Frameworks";
				PRODUCT_BUNDLE_IDENTIFIER = com.lumarow.UIAnimationTutorial;
				PRODUCT_NAME = "$(TARGET_NAME)";
				SWIFT_VERSION = 3.0;
			};
			name = Release;
		};
		74A9B6FF1D1175F800C99E8A /* Debug */ = {
			isa = XCBuildConfiguration;
			buildSettings = {
				BUNDLE_LOADER = "$(TEST_HOST)";
				INFOPLIST_FILE = UIAnimationTutorialTests/Info.plist;
				LD_RUNPATH_SEARCH_PATHS = "$(inherited) @executable_path/Frameworks @loader_path/Frameworks";
				PRODUCT_BUNDLE_IDENTIFIER = com.lumarow.UIAnimationTutorialTests;
				PRODUCT_NAME = "$(TARGET_NAME)";
				SWIFT_VERSION = 3.0;
				TEST_HOST = "$(BUILT_PRODUCTS_DIR)/UIAnimationTutorial.app/UIAnimationTutorial";
			};
			name = Debug;
		};
		74A9B7001D1175F800C99E8A /* Release */ = {
			isa = XCBuildConfiguration;
			buildSettings = {
				BUNDLE_LOADER = "$(TEST_HOST)";
				INFOPLIST_FILE = UIAnimationTutorialTests/Info.plist;
				LD_RUNPATH_SEARCH_PATHS = "$(inherited) @executable_path/Frameworks @loader_path/Frameworks";
				PRODUCT_BUNDLE_IDENTIFIER = com.lumarow.UIAnimationTutorialTests;
				PRODUCT_NAME = "$(TARGET_NAME)";
				SWIFT_VERSION = 3.0;
				TEST_HOST = "$(BUILT_PRODUCTS_DIR)/UIAnimationTutorial.app/UIAnimationTutorial";
			};
			name = Release;
		};
		74A9B7021D1175F800C99E8A /* Debug */ = {
			isa = XCBuildConfiguration;
			buildSettings = {
				INFOPLIST_FILE = UIAnimationTutorialUITests/Info.plist;
				LD_RUNPATH_SEARCH_PATHS = "$(inherited) @executable_path/Frameworks @loader_path/Frameworks";
				PRODUCT_BUNDLE_IDENTIFIER = com.lumarow.UIAnimationTutorialUITests;
				PRODUCT_NAME = "$(TARGET_NAME)";
				SWIFT_VERSION = 3.0;
				TEST_TARGET_NAME = UIAnimationTutorial;
			};
			name = Debug;
		};
		74A9B7031D1175F800C99E8A /* Release */ = {
			isa = XCBuildConfiguration;
			buildSettings = {
				INFOPLIST_FILE = UIAnimationTutorialUITests/Info.plist;
				LD_RUNPATH_SEARCH_PATHS = "$(inherited) @executable_path/Frameworks @loader_path/Frameworks";
				PRODUCT_BUNDLE_IDENTIFIER = com.lumarow.UIAnimationTutorialUITests;
				PRODUCT_NAME = "$(TARGET_NAME)";
				SWIFT_VERSION = 3.0;
				TEST_TARGET_NAME = UIAnimationTutorial;
			};
			name = Release;
		};
/* End XCBuildConfiguration section */

/* Begin XCConfigurationList section */
		74A9B6CE1D1175F800C99E8A /* Build configuration list for PBXProject "UIAnimationTutorial" */ = {
			isa = XCConfigurationList;
			buildConfigurations = (
				74A9B6F91D1175F800C99E8A /* Debug */,
				74A9B6FA1D1175F800C99E8A /* Release */,
			);
			defaultConfigurationIsVisible = 0;
			defaultConfigurationName = Release;
		};
		74A9B6FB1D1175F800C99E8A /* Build configuration list for PBXNativeTarget "UIAnimationTutorial" */ = {
			isa = XCConfigurationList;
			buildConfigurations = (
				74A9B6FC1D1175F800C99E8A /* Debug */,
				74A9B6FD1D1175F800C99E8A /* Release */,
			);
			defaultConfigurationIsVisible = 0;
		};
		74A9B6FE1D1175F800C99E8A /* Build configuration list for PBXNativeTarget "UIAnimationTutorialTests" */ = {
			isa = XCConfigurationList;
			buildConfigurations = (
				74A9B6FF1D1175F800C99E8A /* Debug */,
				74A9B7001D1175F800C99E8A /* Release */,
			);
			defaultConfigurationIsVisible = 0;
		};
		74A9B7011D1175F800C99E8A /* Build configuration list for PBXNativeTarget "UIAnimationTutorialUITests" */ = {
			isa = XCConfigurationList;
			buildConfigurations = (
				74A9B7021D1175F800C99E8A /* Debug */,
				74A9B7031D1175F800C99E8A /* Release */,
			);
			defaultConfigurationIsVisible = 0;
		};
/* End XCConfigurationList section */
	};
	rootObject = 74A9B6CB1D1175F800C99E8A /* Project object */;
}
